
Microsoft Visual Studio Solution File, Format Version 12.00
# Visual Studio 15
VisualStudioVersion = 15.0.27130.2010
MinimumVisualStudioVersion = 10.0.40219.1
Project("{2150E333-8FDC-42A3-9474-1A3956D46DE8}") = "Solution Items", "Solution Items", "{17C9EE66-B846-4C98-82A8-7793657A5DA4}"
	ProjectSection(SolutionItems) = preProject
		.editorconfig = .editorconfig
		.gitignore = .gitignore
		LICENSE.txt = LICENSE.txt
		README.md = README.md
		root.props = root.props
	EndProjectSection
EndProject
Project("{9A19103F-16F7-4668-BE54-9A1E7A4F7556}") = "GraphQL.Server.AspNetCore", "src\GraphQL.Server.AspNetCore\GraphQL.Server.AspNetCore.csproj", "{BE8E55AC-5E3B-47C3-B407-6013ECBCB569}"
EndProject
Project("{2150E333-8FDC-42A3-9474-1A3956D46DE8}") = "src", "src", "{81634A80-4363-49DB-B82B-30D00A07A7E8}"
	ProjectSection(SolutionItems) = preProject
		src\src.props = src\src.props
	EndProjectSection
EndProject
Project("{2150E333-8FDC-42A3-9474-1A3956D46DE8}") = "tests", "tests", "{EBE3315F-43FA-44AC-8E88-0202012E3233}"
	ProjectSection(SolutionItems) = preProject
		tests\tests.props = tests\tests.props
	EndProjectSection
EndProject
Project("{2150E333-8FDC-42A3-9474-1A3956D46DE8}") = "assets", "assets", "{73E6873F-2952-4731-A429-E04E61348F10}"
	ProjectSection(SolutionItems) = preProject
		assets\logo.64x64.png = assets\logo.64x64.png
		assets\logo.svg = assets\logo.svg
	EndProjectSection
EndProject
Project("{2150E333-8FDC-42A3-9474-1A3956D46DE8}") = ".circleci", ".circleci", "{28319136-AE75-41F0-AFB8-9B3FDC7E2866}"
	ProjectSection(SolutionItems) = preProject
		.circleci\config.yml = .circleci\config.yml
	EndProjectSection
EndProject
Project("{FAE04EC0-301F-11D3-BF4B-00C04F79EFBC}") = "TestingWebApp", "tests\TestingWebApp\TestingWebApp.csproj", "{0857EC3C-6573-4E5E-A7EF-5AA7F51B6F4C}"
EndProject
Project("{FAE04EC0-301F-11D3-BF4B-00C04F79EFBC}") = "GraphQL.StarWars", "tests\GraphQL.StarWars\GraphQL.StarWars.csproj", "{6FE2A510-034F-4751-9F93-8AD468D0C7C5}"
EndProject
Global
	GlobalSection(SolutionConfigurationPlatforms) = preSolution
		Debug|Any CPU = Debug|Any CPU
		Release|Any CPU = Release|Any CPU
	EndGlobalSection
	GlobalSection(ProjectConfigurationPlatforms) = postSolution
		{BE8E55AC-5E3B-47C3-B407-6013ECBCB569}.Debug|Any CPU.ActiveCfg = Debug|Any CPU
		{BE8E55AC-5E3B-47C3-B407-6013ECBCB569}.Debug|Any CPU.Build.0 = Debug|Any CPU
		{BE8E55AC-5E3B-47C3-B407-6013ECBCB569}.Release|Any CPU.ActiveCfg = Release|Any CPU
		{BE8E55AC-5E3B-47C3-B407-6013ECBCB569}.Release|Any CPU.Build.0 = Release|Any CPU
		{0857EC3C-6573-4E5E-A7EF-5AA7F51B6F4C}.Debug|Any CPU.ActiveCfg = Debug|Any CPU
		{0857EC3C-6573-4E5E-A7EF-5AA7F51B6F4C}.Debug|Any CPU.Build.0 = Debug|Any CPU
		{0857EC3C-6573-4E5E-A7EF-5AA7F51B6F4C}.Release|Any CPU.ActiveCfg = Release|Any CPU
		{0857EC3C-6573-4E5E-A7EF-5AA7F51B6F4C}.Release|Any CPU.Build.0 = Release|Any CPU
		{6FE2A510-034F-4751-9F93-8AD468D0C7C5}.Debug|Any CPU.ActiveCfg = Debug|Any CPU
		{6FE2A510-034F-4751-9F93-8AD468D0C7C5}.Debug|Any CPU.Build.0 = Debug|Any CPU
		{6FE2A510-034F-4751-9F93-8AD468D0C7C5}.Release|Any CPU.ActiveCfg = Release|Any CPU
		{6FE2A510-034F-4751-9F93-8AD468D0C7C5}.Release|Any CPU.Build.0 = Release|Any CPU
	EndGlobalSection
	GlobalSection(SolutionProperties) = preSolution
		HideSolutionNode = FALSE
	EndGlobalSection
	GlobalSection(NestedProjects) = preSolution
		{BE8E55AC-5E3B-47C3-B407-6013ECBCB569} = {81634A80-4363-49DB-B82B-30D00A07A7E8}
		{73E6873F-2952-4731-A429-E04E61348F10} = {17C9EE66-B846-4C98-82A8-7793657A5DA4}
		{28319136-AE75-41F0-AFB8-9B3FDC7E2866} = {17C9EE66-B846-4C98-82A8-7793657A5DA4}
		{0857EC3C-6573-4E5E-A7EF-5AA7F51B6F4C} = {EBE3315F-43FA-44AC-8E88-0202012E3233}
		{6FE2A510-034F-4751-9F93-8AD468D0C7C5} = {EBE3315F-43FA-44AC-8E88-0202012E3233}
	EndGlobalSection
	GlobalSection(ExtensibilityGlobals) = postSolution
		SolutionGuid = {E6127A1D-8FF2-4CF4-B874-FC02DD0D2276}
	EndGlobalSection
EndGlobal
